
Microsoft Visual Studio Solution File, Format Version 12.00
# Visual Studio Version 16
VisualStudioVersion = 16.0.30621.155
MinimumVisualStudioVersion = 10.0.40219.1
Project("{8BC9CEB8-8B4A-11D0-8D11-00A0C91BC942}") = "Pointers", "Pointers.vcxproj", "{8093C6EE-0CF0-4CE4-8BAB-AEC57E6CAF86}"
EndProject
Project("{8BC9CEB8-8B4A-11D0-8D11-00A0C91BC942}") = "HW_Summ and Mul_2021_01_18", "HW_Summ and Mul_2021_01_18\HW_Summ and Mul_2021_01_18.vcxproj", "{EE9E6D64-02B7-42D9-9967-0FC4A55ACA44}"
EndProject
Project("{8BC9CEB8-8B4A-11D0-8D11-00A0C91BC942}") = "CW_Arbitrary_functions", "CW_Arbitrary_functions\CW_Arbitrary_functions.vcxproj", "{BD917512-289D-4496-8540-358D90E56372}"
EndProject
Global
	GlobalSection(SolutionConfigurationPlatforms) = preSolution
		Debug|x64 = Debug|x64
		Debug|x86 = Debug|x86
		Release|x64 = Release|x64
		Release|x86 = Release|x86
	EndGlobalSection
	GlobalSection(ProjectConfigurationPlatforms) = postSolution
		{8093C6EE-0CF0-4CE4-8BAB-AEC57E6CAF86}.Debug|x64.ActiveCfg = Debug|x64
		{8093C6EE-0CF0-4CE4-8BAB-AEC57E6CAF86}.Debug|x64.Build.0 = Debug|x64
		{8093C6EE-0CF0-4CE4-8BAB-AEC57E6CAF86}.Debug|x86.ActiveCfg = Debug|Win32
		{8093C6EE-0CF0-4CE4-8BAB-AEC57E6CAF86}.Debug|x86.Build.0 = Debug|Win32
		{8093C6EE-0CF0-4CE4-8BAB-AEC57E6CAF86}.Release|x64.ActiveCfg = Release|x64
		{8093C6EE-0CF0-4CE4-8BAB-AEC57E6CAF86}.Release|x64.Build.0 = Release|x64
		{8093C6EE-0CF0-4CE4-8BAB-AEC57E6CAF86}.Release|x86.ActiveCfg = Release|Win32
		{8093C6EE-0CF0-4CE4-8BAB-AEC57E6CAF86}.Release|x86.Build.0 = Release|Win32
		{EE9E6D64-02B7-42D9-9967-0FC4A55ACA44}.Debug|x64.ActiveCfg = Debug|x64
		{EE9E6D64-02B7-42D9-9967-0FC4A55ACA44}.Debug|x64.Build.0 = Debug|x64
		{EE9E6D64-02B7-42D9-9967-0FC4A55ACA44}.Debug|x86.ActiveCfg = Debug|Win32
		{EE9E6D64-02B7-42D9-9967-0FC4A55ACA44}.Debug|x86.Build.0 = Debug|Win32
		{EE9E6D64-02B7-42D9-9967-0FC4A55ACA44}.Release|x64.ActiveCfg = Release|x64
		{EE9E6D64-02B7-42D9-9967-0FC4A55ACA44}.Release|x64.Build.0 = Release|x64
		{EE9E6D64-02B7-42D9-9967-0FC4A55ACA44}.Release|x86.ActiveCfg = Release|Win32
		{EE9E6D64-02B7-42D9-9967-0FC4A55ACA44}.Release|x86.Build.0 = Release|Win32
		{BD917512-289D-4496-8540-358D90E56372}.Debug|x64.ActiveCfg = Debug|x64
		{BD917512-289D-4496-8540-358D90E56372}.Debug|x64.Build.0 = Debug|x64
		{BD917512-289D-4496-8540-358D90E56372}.Debug|x86.ActiveCfg = Debug|Win32
		{BD917512-289D-4496-8540-358D90E56372}.Debug|x86.Build.0 = Debug|Win32
		{BD917512-289D-4496-8540-358D90E56372}.Release|x64.ActiveCfg = Release|x64
		{BD917512-289D-4496-8540-358D90E56372}.Release|x64.Build.0 = Release|x64
		{BD917512-289D-4496-8540-358D90E56372}.Release|x86.ActiveCfg = Release|Win32
		{BD917512-289D-4496-8540-358D90E56372}.Release|x86.Build.0 = Release|Win32
	EndGlobalSection
	GlobalSection(SolutionProperties) = preSolution
		HideSolutionNode = FALSE
	EndGlobalSection
	GlobalSection(ExtensibilityGlobals) = postSolution
		SolutionGuid = {A5CF6757-7E2E-4D0B-8066-F159FBF356F5}
	EndGlobalSection
EndGlobal
